// !$*UTF8*$!
{
	archiveVersion = 1;
	classes = {
	};
	objectVersion = 55;
	objects = {

/* Begin PBXBuildFile section */
		D78F30632719E31600CB9BDA /* FlavourText.swift in Sources */ = {isa = PBXBuildFile; fileRef = D78F30622719E31600CB9BDA /* FlavourText.swift */; };
		D78F30652719E35500CB9BDA /* FlavourTextGenerator.swift in Sources */ = {isa = PBXBuildFile; fileRef = D78F30642719E35500CB9BDA /* FlavourTextGenerator.swift */; };
		D7E7F83427167700000BFCF4 /* FoodItemAPIApp.swift in Sources */ = {isa = PBXBuildFile; fileRef = D7E7F83327167700000BFCF4 /* FoodItemAPIApp.swift */; };
		D7E7F83627167700000BFCF4 /* ContentView.swift in Sources */ = {isa = PBXBuildFile; fileRef = D7E7F83527167700000BFCF4 /* ContentView.swift */; };
		D7E7F8382716770B000BFCF4 /* Assets.xcassets in Resources */ = {isa = PBXBuildFile; fileRef = D7E7F8372716770B000BFCF4 /* Assets.xcassets */; };
		D7E7F83B2716770B000BFCF4 /* Preview Assets.xcassets in Resources */ = {isa = PBXBuildFile; fileRef = D7E7F83A2716770B000BFCF4 /* Preview Assets.xcassets */; };
		D7E7F84427167BAF000BFCF4 /* APIConstants.swift in Sources */ = {isa = PBXBuildFile; fileRef = D7E7F84327167BAF000BFCF4 /* APIConstants.swift */; };
		D7E7F848271682D3000BFCF4 /* FoodImage.swift in Sources */ = {isa = PBXBuildFile; fileRef = D7E7F847271682D3000BFCF4 /* FoodImage.swift */; };
		D7E7F84B2718606A000BFCF4 /* Service.swift in Sources */ = {isa = PBXBuildFile; fileRef = D7E7F84A2718606A000BFCF4 /* Service.swift */; };
		D7E7F84D27186A23000BFCF4 /* ViewModel.swift in Sources */ = {isa = PBXBuildFile; fileRef = D7E7F84C27186A23000BFCF4 /* ViewModel.swift */; };
		D7E7F8532718D3D2000BFCF4 /* FoodScreen.swift in Sources */ = {isa = PBXBuildFile; fileRef = D7E7F8522718D3D2000BFCF4 /* FoodScreen.swift */; };
/* End PBXBuildFile section */

/* Begin PBXFileReference section */
		D78F30622719E31600CB9BDA /* FlavourText.swift */ = {isa = PBXFileReference; lastKnownFileType = sourcecode.swift; path = FlavourText.swift; sourceTree = "<group>"; };
		D78F30642719E35500CB9BDA /* FlavourTextGenerator.swift */ = {isa = PBXFileReference; lastKnownFileType = sourcecode.swift; path = FlavourTextGenerator.swift; sourceTree = "<group>"; };
		D7E7F83027167700000BFCF4 /* FoodItemAPI.app */ = {isa = PBXFileReference; explicitFileType = wrapper.application; includeInIndex = 0; path = FoodItemAPI.app; sourceTree = BUILT_PRODUCTS_DIR; };
		D7E7F83327167700000BFCF4 /* FoodItemAPIApp.swift */ = {isa = PBXFileReference; lastKnownFileType = sourcecode.swift; path = FoodItemAPIApp.swift; sourceTree = "<group>"; };
		D7E7F83527167700000BFCF4 /* ContentView.swift */ = {isa = PBXFileReference; lastKnownFileType = sourcecode.swift; path = ContentView.swift; sourceTree = "<group>"; };
		D7E7F8372716770B000BFCF4 /* Assets.xcassets */ = {isa = PBXFileReference; lastKnownFileType = folder.assetcatalog; path = Assets.xcassets; sourceTree = "<group>"; };
		D7E7F83A2716770B000BFCF4 /* Preview Assets.xcassets */ = {isa = PBXFileReference; lastKnownFileType = folder.assetcatalog; path = "Preview Assets.xcassets"; sourceTree = "<group>"; };
		D7E7F84327167BAF000BFCF4 /* APIConstants.swift */ = {isa = PBXFileReference; lastKnownFileType = sourcecode.swift; path = APIConstants.swift; sourceTree = "<group>"; };
		D7E7F847271682D3000BFCF4 /* FoodImage.swift */ = {isa = PBXFileReference; lastKnownFileType = sourcecode.swift; path = FoodImage.swift; sourceTree = "<group>"; };
		D7E7F84A2718606A000BFCF4 /* Service.swift */ = {isa = PBXFileReference; lastKnownFileType = sourcecode.swift; path = Service.swift; sourceTree = "<group>"; };
		D7E7F84C27186A23000BFCF4 /* ViewModel.swift */ = {isa = PBXFileReference; lastKnownFileType = sourcecode.swift; path = ViewModel.swift; sourceTree = "<group>"; };
		D7E7F8522718D3D2000BFCF4 /* FoodScreen.swift */ = {isa = PBXFileReference; lastKnownFileType = sourcecode.swift; path = FoodScreen.swift; sourceTree = "<group>"; };
/* End PBXFileReference section */

/* Begin PBXFrameworksBuildPhase section */
		D7E7F82D27167700000BFCF4 /* Frameworks */ = {
			isa = PBXFrameworksBuildPhase;
			buildActionMask = 2147483647;
			files = (
			);
			runOnlyForDeploymentPostprocessing = 0;
		};
/* End PBXFrameworksBuildPhase section */

/* Begin PBXGroup section */
		D7E7F82727167700000BFCF4 = {
			isa = PBXGroup;
			children = (
				D7E7F83227167700000BFCF4 /* FoodItemAPI */,
				D7E7F83127167700000BFCF4 /* Products */,
			);
			sourceTree = "<group>";
		};
		D7E7F83127167700000BFCF4 /* Products */ = {
			isa = PBXGroup;
			children = (
				D7E7F83027167700000BFCF4 /* FoodItemAPI.app */,
			);
			name = Products;
			sourceTree = "<group>";
		};
		D7E7F83227167700000BFCF4 /* FoodItemAPI */ = {
			isa = PBXGroup;
			children = (
				D7E7F83327167700000BFCF4 /* FoodItemAPIApp.swift */,
				D7E7F84E2718D36A000BFCF4 /* Screen */,
				D7E7F84927186040000BFCF4 /* FoodService */,
				D7E7F84227167B98000BFCF4 /* APIConstants */,
				D7E7F84627167D23000BFCF4 /* ViewModel */,
				D7E7F84527167D18000BFCF4 /* Model */,
				D7E7F84127167B6E000BFCF4 /* View */,
				D7E7F8372716770B000BFCF4 /* Assets.xcassets */,
				D7E7F8392716770B000BFCF4 /* Preview Content */,
			);
			path = FoodItemAPI;
			sourceTree = "<group>";
		};
		D7E7F8392716770B000BFCF4 /* Preview Content */ = {
			isa = PBXGroup;
			children = (
				D7E7F83A2716770B000BFCF4 /* Preview Assets.xcassets */,
			);
			path = "Preview Content";
			sourceTree = "<group>";
		};
		D7E7F84127167B6E000BFCF4 /* View */ = {
			isa = PBXGroup;
			children = (
				D7E7F83527167700000BFCF4 /* ContentView.swift */,
			);
			path = View;
			sourceTree = "<group>";
		};
		D7E7F84227167B98000BFCF4 /* APIConstants */ = {
			isa = PBXGroup;
			children = (
				D7E7F84327167BAF000BFCF4 /* APIConstants.swift */,
			);
			path = APIConstants;
			sourceTree = "<group>";
		};
		D7E7F84527167D18000BFCF4 /* Model */ = {
			isa = PBXGroup;
			children = (
				D7E7F847271682D3000BFCF4 /* FoodImage.swift */,
				D78F30622719E31600CB9BDA /* FlavourText.swift */,
				D78F30642719E35500CB9BDA /* FlavourTextGenerator.swift */,
			);
			path = Model;
			sourceTree = "<group>";
		};
		D7E7F84627167D23000BFCF4 /* ViewModel */ = {
			isa = PBXGroup;
			children = (
				D7E7F84C27186A23000BFCF4 /* ViewModel.swift */,
			);
			path = ViewModel;
			sourceTree = "<group>";
		};
		D7E7F84927186040000BFCF4 /* FoodService */ = {
			isa = PBXGroup;
			children = (
				D7E7F84A2718606A000BFCF4 /* Service.swift */,
			);
			path = FoodService;
			sourceTree = "<group>";
		};
		D7E7F84E2718D36A000BFCF4 /* Screen */ = {
			isa = PBXGroup;
			children = (
				D7E7F8522718D3D2000BFCF4 /* FoodScreen.swift */,
			);
			path = Screen;
			sourceTree = "<group>";
		};
/* End PBXGroup section */

/* Begin PBXNativeTarget section */
		D7E7F82F27167700000BFCF4 /* FoodItemAPI */ = {
			isa = PBXNativeTarget;
			buildConfigurationList = D7E7F83E2716770B000BFCF4 /* Build configuration list for PBXNativeTarget "FoodItemAPI" */;
			buildPhases = (
				D7E7F82C27167700000BFCF4 /* Sources */,
				D7E7F82D27167700000BFCF4 /* Frameworks */,
				D7E7F82E27167700000BFCF4 /* Resources */,
			);
			buildRules = (
			);
			dependencies = (
			);
			name = FoodItemAPI;
			productName = FoodItemAPI;
			productReference = D7E7F83027167700000BFCF4 /* FoodItemAPI.app */;
			productType = "com.apple.product-type.application";
		};
/* End PBXNativeTarget section */

/* Begin PBXProject section */
		D7E7F82827167700000BFCF4 /* Project object */ = {
			isa = PBXProject;
			attributes = {
				BuildIndependentTargetsInParallel = 1;
				LastSwiftUpdateCheck = 1300;
				LastUpgradeCheck = 1300;
				TargetAttributes = {
					D7E7F82F27167700000BFCF4 = {
						CreatedOnToolsVersion = 13.0;
					};
				};
			};
			buildConfigurationList = D7E7F82B27167700000BFCF4 /* Build configuration list for PBXProject "FoodItemAPI" */;
			compatibilityVersion = "Xcode 13.0";
			developmentRegion = en;
			hasScannedForEncodings = 0;
			knownRegions = (
				en,
				Base,
			);
			mainGroup = D7E7F82727167700000BFCF4;
			productRefGroup = D7E7F83127167700000BFCF4 /* Products */;
			projectDirPath = "";
			projectRoot = "";
			targets = (
				D7E7F82F27167700000BFCF4 /* FoodItemAPI */,
			);
		};
/* End PBXProject section */

/* Begin PBXResourcesBuildPhase section */
		D7E7F82E27167700000BFCF4 /* Resources */ = {
			isa = PBXResourcesBuildPhase;
			buildActionMask = 2147483647;
			files = (
				D7E7F83B2716770B000BFCF4 /* Preview Assets.xcassets in Resources */,
				D7E7F8382716770B000BFCF4 /* Assets.xcassets in Resources */,
			);
			runOnlyForDeploymentPostprocessing = 0;
		};
/* End PBXResourcesBuildPhase section */

/* Begin PBXSourcesBuildPhase section */
		D7E7F82C27167700000BFCF4 /* Sources */ = {
			isa = PBXSourcesBuildPhase;
			buildActionMask = 2147483647;
			files = (
				D78F30632719E31600CB9BDA /* FlavourText.swift in Sources */,
				D7E7F83627167700000BFCF4 /* ContentView.swift in Sources */,
				D7E7F84427167BAF000BFCF4 /* APIConstants.swift in Sources */,
				D7E7F84B2718606A000BFCF4 /* Service.swift in Sources */,
				D78F30652719E35500CB9BDA /* FlavourTextGenerator.swift in Sources */,
				D7E7F83427167700000BFCF4 /* FoodItemAPIApp.swift in Sources */,
				D7E7F84D27186A23000BFCF4 /* ViewModel.swift in Sources */,
				D7E7F8532718D3D2000BFCF4 /* FoodScreen.swift in Sources */,
				D7E7F848271682D3000BFCF4 /* FoodImage.swift in Sources */,
			);
			runOnlyForDeploymentPostprocessing = 0;
		};
/* End PBXSourcesBuildPhase section */

/* Begin XCBuildConfiguration section */
		D7E7F83C2716770B000BFCF4 /* Debug */ = {
			isa = XCBuildConfiguration;
			buildSettings = {
				ALWAYS_SEARCH_USER_PATHS = NO;
				CLANG_ANALYZER_NONNULL = YES;
				CLANG_ANALYZER_NUMBER_OBJECT_CONVERSION = YES_AGGRESSIVE;
				CLANG_CXX_LANGUAGE_STANDARD = "gnu++17";
				CLANG_CXX_LIBRARY = "libc++";
				CLANG_ENABLE_MODULES = YES;
				CLANG_ENABLE_OBJC_ARC = YES;
				CLANG_ENABLE_OBJC_WEAK = YES;
				CLANG_WARN_BLOCK_CAPTURE_AUTORELEASING = YES;
				CLANG_WARN_BOOL_CONVERSION = YES;
				CLANG_WARN_COMMA = YES;
				CLANG_WARN_CONSTANT_CONVERSION = YES;
				CLANG_WARN_DEPRECATED_OBJC_IMPLEMENTATIONS = YES;
				CLANG_WARN_DIRECT_OBJC_ISA_USAGE = YES_ERROR;
				CLANG_WARN_DOCUMENTATION_COMMENTS = YES;
				CLANG_WARN_EMPTY_BODY = YES;
				CLANG_WARN_ENUM_CONVERSION = YES;
				CLANG_WARN_INFINITE_RECURSION = YES;
				CLANG_WARN_INT_CONVERSION = YES;
				CLANG_WARN_NON_LITERAL_NULL_CONVERSION = YES;
				CLANG_WARN_OBJC_IMPLICIT_RETAIN_SELF = YES;
				CLANG_WARN_OBJC_LITERAL_CONVERSION = YES;
				CLANG_WARN_OBJC_ROOT_CLASS = YES_ERROR;
				CLANG_WARN_QUOTED_INCLUDE_IN_FRAMEWORK_HEADER = YES;
				CLANG_WARN_RANGE_LOOP_ANALYSIS = YES;
				CLANG_WARN_STRICT_PROTOTYPES = YES;
				CLANG_WARN_SUSPICIOUS_MOVE = YES;
				CLANG_WARN_UNGUARDED_AVAILABILITY = YES_AGGRESSIVE;
				CLANG_WARN_UNREACHABLE_CODE = YES;
				CLANG_WARN__DUPLICATE_METHOD_MATCH = YES;
				COPY_PHASE_STRIP = NO;
				DEBUG_INFORMATION_FORMAT = dwarf;
				ENABLE_STRICT_OBJC_MSGSEND = YES;
				ENABLE_TESTABILITY = YES;
				GCC_C_LANGUAGE_STANDARD = gnu11;
				GCC_DYNAMIC_NO_PIC = NO;
				GCC_NO_COMMON_BLOCKS = YES;
				GCC_OPTIMIZATION_LEVEL = 0;
				GCC_PREPROCESSOR_DEFINITIONS = (
					"DEBUG=1",
					"$(inherited)",
				);
				GCC_WARN_64_TO_32_BIT_CONVERSION = YES;
				GCC_WARN_ABOUT_RETURN_TYPE = YES_ERROR;
				GCC_WARN_UNDECLARED_SELECTOR = YES;
				GCC_WARN_UNINITIALIZED_AUTOS = YES_AGGRESSIVE;
				GCC_WARN_UNUSED_FUNCTION = YES;
				GCC_WARN_UNUSED_VARIABLE = YES;
				IPHONEOS_DEPLOYMENT_TARGET = 15.0;
				MTL_ENABLE_DEBUG_INFO = INCLUDE_SOURCE;
				MTL_FAST_MATH = YES;
				ONLY_ACTIVE_ARCH = YES;
				SDKROOT = iphoneos;
				SWIFT_ACTIVE_COMPILATION_CONDITIONS = DEBUG;
				SWIFT_OPTIMIZATION_LEVEL = "-Onone";
			};
			name = Debug;
		};
		D7E7F83D2716770B000BFCF4 /* Release */ = {
			isa = XCBuildConfiguration;
			buildSettings = {
				ALWAYS_SEARCH_USER_PATHS = NO;
				CLANG_ANALYZER_NONNULL = YES;
				CLANG_ANALYZER_NUMBER_OBJECT_CONVERSION = YES_AGGRESSIVE;
				CLANG_CXX_LANGUAGE_STANDARD = "gnu++17";
				CLANG_CXX_LIBRARY = "libc++";
				CLANG_ENABLE_MODULES = YES;
				CLANG_ENABLE_OBJC_ARC = YES;
				CLANG_ENABLE_OBJC_WEAK = YES;
				CLANG_WARN_BLOCK_CAPTURE_AUTORELEASING = YES;
				CLANG_WARN_BOOL_CONVERSION = YES;
				CLANG_WARN_COMMA = YES;
				CLANG_WARN_CONSTANT_CONVERSION = YES;
				CLANG_WARN_DEPRECATED_OBJC_IMPLEMENTATIONS = YES;
				CLANG_WARN_DIRECT_OBJC_ISA_USAGE = YES_ERROR;
				CLANG_WARN_DOCUMENTATION_COMMENTS = YES;
				CLANG_WARN_EMPTY_BODY = YES;
				CLANG_WARN_ENUM_CONVERSION = YES;
				CLANG_WARN_INFINITE_RECURSION = YES;
				CLANG_WARN_INT_CONVERSION = YES;
				CLANG_WARN_NON_LITERAL_NULL_CONVERSION = YES;
				CLANG_WARN_OBJC_IMPLICIT_RETAIN_SELF = YES;
				CLANG_WARN_OBJC_LITERAL_CONVERSION = YES;
				CLANG_WARN_OBJC_ROOT_CLASS = YES_ERROR;
				CLANG_WARN_QUOTED_INCLUDE_IN_FRAMEWORK_HEADER = YES;
				CLANG_WARN_RANGE_LOOP_ANALYSIS = YES;
				CLANG_WARN_STRICT_PROTOTYPES = YES;
				CLANG_WARN_SUSPICIOUS_MOVE = YES;
				CLANG_WARN_UNGUARDED_AVAILABILITY = YES_AGGRESSIVE;
				CLANG_WARN_UNREACHABLE_CODE = YES;
				CLANG_WARN__DUPLICATE_METHOD_MATCH = YES;
				COPY_PHASE_STRIP = NO;
				DEBUG_INFORMATION_FORMAT = "dwarf-with-dsym";
				ENABLE_NS_ASSERTIONS = NO;
				ENABLE_STRICT_OBJC_MSGSEND = YES;
				GCC_C_LANGUAGE_STANDARD = gnu11;
				GCC_NO_COMMON_BLOCKS = YES;
				GCC_WARN_64_TO_32_BIT_CONVERSION = YES;
				GCC_WARN_ABOUT_RETURN_TYPE = YES_ERROR;
				GCC_WARN_UNDECLARED_SELECTOR = YES;
				GCC_WARN_UNINITIALIZED_AUTOS = YES_AGGRESSIVE;
				GCC_WARN_UNUSED_FUNCTION = YES;
				GCC_WARN_UNUSED_VARIABLE = YES;
				IPHONEOS_DEPLOYMENT_TARGET = 15.0;
				MTL_ENABLE_DEBUG_INFO = NO;
				MTL_FAST_MATH = YES;
				SDKROOT = iphoneos;
				SWIFT_COMPILATION_MODE = wholemodule;
				SWIFT_OPTIMIZATION_LEVEL = "-O";
				VALIDATE_PRODUCT = YES;
			};
			name = Release;
		};
		D7E7F83F2716770B000BFCF4 /* Debug */ = {
			isa = XCBuildConfiguration;
			buildSettings = {
				ASSETCATALOG_COMPILER_APPICON_NAME = AppIcon;
				ASSETCATALOG_COMPILER_GLOBAL_ACCENT_COLOR_NAME = AccentColor;
				CODE_SIGN_STYLE = Automatic;
				CURRENT_PROJECT_VERSION = 1;
				DEVELOPMENT_ASSET_PATHS = "\"FoodItemAPI/Preview Content\"";
				DEVELOPMENT_TEAM = GLLK6ZL2B5;
				ENABLE_PREVIEWS = YES;
				GENERATE_INFOPLIST_FILE = YES;
				INFOPLIST_KEY_UIApplicationSceneManifest_Generation = YES;
				INFOPLIST_KEY_UIApplicationSupportsIndirectInputEvents = YES;
				INFOPLIST_KEY_UILaunchScreen_Generation = YES;
				INFOPLIST_KEY_UISupportedInterfaceOrientations_iPad = "UIInterfaceOrientationPortrait UIInterfaceOrientationPortraitUpsideDown UIInterfaceOrientationLandscapeLeft UIInterfaceOrientationLandscapeRight";
				INFOPLIST_KEY_UISupportedInterfaceOrientations_iPhone = "UIInterfaceOrientationPortrait UIInterfaceOrientationLandscapeLeft UIInterfaceOrientationLandscapeRight";
				IPHONEOS_DEPLOYMENT_TARGET = 15.0;
				LD_RUNPATH_SEARCH_PATHS = (
					"$(inherited)",
					"@executable_path/Frameworks",
				);
				MARKETING_VERSION = 1.0;
				PRODUCT_BUNDLE_IDENTIFIER = ca.benjaminfreeman.FoodItemAPI;
				PRODUCT_NAME = "$(TARGET_NAME)";
				SWIFT_EMIT_LOC_STRINGS = YES;
				SWIFT_VERSION = 5.0;
				TARGETED_DEVICE_FAMILY = "1,2";
			};
			name = Debug;
		};
		D7E7F8402716770B000BFCF4 /* Release */ = {
			isa = XCBuildConfiguration;
			buildSettings = {
				ASSETCATALOG_COMPILER_APPICON_NAME = AppIcon;
				ASSETCATALOG_COMPILER_GLOBAL_ACCENT_COLOR_NAME = AccentColor;
				CODE_SIGN_STYLE = Automatic;
				CURRENT_PROJECT_VERSION = 1;
				DEVELOPMENT_ASSET_PATHS = "\"FoodItemAPI/Preview Content\"";
				DEVELOPMENT_TEAM = GLLK6ZL2B5;
				ENABLE_PREVIEWS = YES;
				GENERATE_INFOPLIST_FILE = YES;
				INFOPLIST_KEY_UIApplicationSceneManifest_Generation = YES;
				INFOPLIST_KEY_UIApplicationSupportsIndirectInputEvents = YES;
				INFOPLIST_KEY_UILaunchScreen_Generation = YES;
				INFOPLIST_KEY_UISupportedInterfaceOrientations_iPad = "UIInterfaceOrientationPortrait UIInterfaceOrientationPortraitUpsideDown UIInterfaceOrientationLandscapeLeft UIInterfaceOrientationLandscapeRight";
				INFOPLIST_KEY_UISupportedInterfaceOrientations_iPhone = "UIInterfaceOrientationPortrait UIInterfaceOrientationLandscapeLeft UIInterfaceOrientationLandscapeRight";
				IPHONEOS_DEPLOYMENT_TARGET = 15.0;
				LD_RUNPATH_SEARCH_PATHS = (
					"$(inherited)",
					"@executable_path/Frameworks",
				);
				MARKETING_VERSION = 1.0;
				PRODUCT_BUNDLE_IDENTIFIER = ca.benjaminfreeman.FoodItemAPI;
				PRODUCT_NAME = "$(TARGET_NAME)";
				SWIFT_EMIT_LOC_STRINGS = YES;
				SWIFT_VERSION = 5.0;
				TARGETED_DEVICE_FAMILY = "1,2";
			};
			name = Release;
		};
/* End XCBuildConfiguration section */

/* Begin XCConfigurationList section */
		D7E7F82B27167700000BFCF4 /* Build configuration list for PBXProject "FoodItemAPI" */ = {
			isa = XCConfigurationList;
			buildConfigurations = (
				D7E7F83C2716770B000BFCF4 /* Debug */,
				D7E7F83D2716770B000BFCF4 /* Release */,
			);
			defaultConfigurationIsVisible = 0;
			defaultConfigurationName = Release;
		};
		D7E7F83E2716770B000BFCF4 /* Build configuration list for PBXNativeTarget "FoodItemAPI" */ = {
			isa = XCConfigurationList;
			buildConfigurations = (
				D7E7F83F2716770B000BFCF4 /* Debug */,
				D7E7F8402716770B000BFCF4 /* Release */,
			);
			defaultConfigurationIsVisible = 0;
			defaultConfigurationName = Release;
		};
/* End XCConfigurationList section */
	};
	rootObject = D7E7F82827167700000BFCF4 /* Project object */;
}
